
Microsoft Visual Studio Solution File, Format Version 12.00
# Visual Studio Version 17
VisualStudioVersion = 17.8.34601.278
MinimumVisualStudioVersion = 10.0.40219.1
Project("{9A19103F-16F7-4668-BE54-9A1E7A4F7556}") = "Pokemon API", "Pokemon API.csproj", "{4A7D3330-A415-479D-9F1D-614D2A919EB4}"
EndProject
Project("{9A19103F-16F7-4668-BE54-9A1E7A4F7556}") = "PokeApi.NET", "..\PokeApi.NET-v2\PokeApi.NET\PokeApi.NET.csproj", "{8CF739AF-B7F6-46CC-9926-B9B74C729636}"
EndProject
Global
	GlobalSection(SolutionConfigurationPlatforms) = preSolution
		Debug|Any CPU = Debug|Any CPU
		Release|Any CPU = Release|Any CPU
	EndGlobalSection
	GlobalSection(ProjectConfigurationPlatforms) = postSolution
		{4A7D3330-A415-479D-9F1D-614D2A919EB4}.Debug|Any CPU.ActiveCfg = Debug|Any CPU
		{4A7D3330-A415-479D-9F1D-614D2A919EB4}.Debug|Any CPU.Build.0 = Debug|Any CPU
		{4A7D3330-A415-479D-9F1D-614D2A919EB4}.Release|Any CPU.ActiveCfg = Release|Any CPU
		{4A7D3330-A415-479D-9F1D-614D2A919EB4}.Release|Any CPU.Build.0 = Release|Any CPU
		{8CF739AF-B7F6-46CC-9926-B9B74C729636}.Debug|Any CPU.ActiveCfg = Debug|Any CPU
		{8CF739AF-B7F6-46CC-9926-B9B74C729636}.Debug|Any CPU.Build.0 = Debug|Any CPU
		{8CF739AF-B7F6-46CC-9926-B9B74C729636}.Release|Any CPU.ActiveCfg = Release|Any CPU
		{8CF739AF-B7F6-46CC-9926-B9B74C729636}.Release|Any CPU.Build.0 = Release|Any CPU
	EndGlobalSection
	GlobalSection(SolutionProperties) = preSolution
		HideSolutionNode = FALSE
	EndGlobalSection
	GlobalSection(ExtensibilityGlobals) = postSolution
		SolutionGuid = {C5D72BC6-AA8C-472F-96FE-3BD4C052EEBB}
	EndGlobalSection
EndGlobal
